{
  "name": "Node_Rules",
  "version": "1.0.0",
  "lockfileVersion": 1,
  "requires": true,
  "dependencies": {
    "lodash.clonedeep": {
      "version": "4.5.0",
      "resolved": "https://registry.npmjs.org/lodash.clonedeep/-/lodash.clonedeep-4.5.0.tgz",
      "integrity": "sha1-4j8/nE+Pvd6HJSnBBxhXoIblzO8="
    },
    "lodash.isequal": {
      "version": "4.5.0",
      "resolved": "https://registry.npmjs.org/lodash.isequal/-/lodash.isequal-4.5.0.tgz",
      "integrity": "sha1-QVxEePK8wwEgwizhDtMib30+GOA="
    },
    "node-rules": {
      "version": "6.3.0",
      "resolved": "https://registry.npmjs.org/node-rules/-/node-rules-6.3.0.tgz",
      "integrity": "sha512-9luxjL5f+l1QlLstzkHUYvHfShAbuVeVjvSgN+PQA8HpCXYlyS+lY7Y4v5Zd5jpNZ1kXhCp0nEObj6kRno3bAw==",
      "requires": {
        "lodash.clonedeep": "^4.5.0",
        "lodash.isequal": "^4.5.0"
      }
    }
  }
}
